
Microsoft Visual Studio Solution File, Format Version 12.00
# Visual Studio Version 17
VisualStudioVersion = 17.5.33530.505
MinimumVisualStudioVersion = 10.0.40219.1
Project("{FAE04EC0-301F-11D3-BF4B-00C04F79EFBC}") = "WinTest01", "WinTest01\WinTest01.csproj", "{3412BA71-6125-4343-B852-BA566A41FABB}"
EndProject
Global
	GlobalSection(SolutionConfigurationPlatforms) = preSolution
		Debug|Any CPU = Debug|Any CPU
		Release|Any CPU = Release|Any CPU
	EndGlobalSection
	GlobalSection(ProjectConfigurationPlatforms) = postSolution
		{3412BA71-6125-4343-B852-BA566A41FABB}.Debug|Any CPU.ActiveCfg = Debug|Any CPU
		{3412BA71-6125-4343-B852-BA566A41FABB}.Debug|Any CPU.Build.0 = Debug|Any CPU
		{3412BA71-6125-4343-B852-BA566A41FABB}.Release|Any CPU.ActiveCfg = Release|Any CPU
		{3412BA71-6125-4343-B852-BA566A41FABB}.Release|Any CPU.Build.0 = Release|Any CPU
	EndGlobalSection
	GlobalSection(SolutionProperties) = preSolution
		HideSolutionNode = FALSE
	EndGlobalSection
	GlobalSection(ExtensibilityGlobals) = postSolution
		SolutionGuid = {36643E3A-0EA3-4CCC-94B5-BFAF920CFC75}
	EndGlobalSection
EndGlobal
